
Microsoft Visual Studio Solution File, Format Version 12.00
# Visual Studio 15
VisualStudioVersion = 15.0.28010.2003
MinimumVisualStudioVersion = 10.0.40219.1
Project("{FAE04EC0-301F-11D3-BF4B-00C04F79EFBC}") = "MiniSpace", "MiniSpace\MiniSpace.csproj", "{7DFCD3EF-9C9A-4181-950C-5BE5FF1DDB19}"
EndProject
Global
	GlobalSection(SolutionConfigurationPlatforms) = preSolution
		Debug|Any CPU = Debug|Any CPU
		Release|Any CPU = Release|Any CPU
	EndGlobalSection
	GlobalSection(ProjectConfigurationPlatforms) = postSolution
		{7DFCD3EF-9C9A-4181-950C-5BE5FF1DDB19}.Debug|Any CPU.ActiveCfg = Debug|Any CPU
		{7DFCD3EF-9C9A-4181-950C-5BE5FF1DDB19}.Debug|Any CPU.Build.0 = Debug|Any CPU
		{7DFCD3EF-9C9A-4181-950C-5BE5FF1DDB19}.Release|Any CPU.ActiveCfg = Release|Any CPU
		{7DFCD3EF-9C9A-4181-950C-5BE5FF1DDB19}.Release|Any CPU.Build.0 = Release|Any CPU
	EndGlobalSection
	GlobalSection(SolutionProperties) = preSolution
		HideSolutionNode = FALSE
	EndGlobalSection
	GlobalSection(ExtensibilityGlobals) = postSolution
		SolutionGuid = {1C69240D-91C3-4256-A2B0-878268B3E748}
	EndGlobalSection
EndGlobal
